Microsoft Visual Studio Solution File, Format Version 12.00
Project("{2150E333-8FDC-42A3-9474-1A3956D46DE8}") = "1 - Core", "1 - Core", "{3D8231CB-FDC2-4AF1-9661-452FB08C91C3}"
EndProject
Project("{2150E333-8FDC-42A3-9474-1A3956D46DE8}") = "2 - Infrastructure", "2 - Infrastructure", "{E7CCEF70-6E73-4D89-A8C0-5C912AAC69F8}"
EndProject
Project("{2150E333-8FDC-42A3-9474-1A3956D46DE8}") = "3 - Application", "3 - Application", "{24403235-9F2F-4CA1-96C3-045F6551FA32}"
EndProject
Project("{2150E333-8FDC-42A3-9474-1A3956D46DE8}") = "4 - Presentation", "4 - Presentation", "{70FE0008-286C-4571-BED6-9C8F5A6DBFCE}"
EndProject
Project("{2150E333-8FDC-42A3-9474-1A3956D46DE8}") = "5 - Tests", "5 - Tests", "{2CB9F750-151A-48F3-BF12-0630BAB04427}"
EndProject
Project("{FAE04EC0-301F-11D3-BF4B-00C04F79EFBC}") = "BinaryCook.Application.Web", "src\BinaryCook.Application.Web\BinaryCook.Application.Web.csproj", "{078BA6F7-7F69-410E-8B5D-7759C0533C93}"
EndProject
Project("{FAE04EC0-301F-11D3-BF4B-00C04F79EFBC}") = "BinaryCook.Core", "src\BinaryCook.Core\BinaryCook.Core.csproj", "{614FD0DF-200A-4BBE-9CFD-039E7A919C53}"
EndProject
Project("{FAE04EC0-301F-11D3-BF4B-00C04F79EFBC}") = "BinaryCook.Application", "src\BinaryCook.Application\BinaryCook.Application.csproj", "{260DD0BC-15CE-4E8C-A983-1780FC73BF1F}"
EndProject
Project("{FAE04EC0-301F-11D3-BF4B-00C04F79EFBC}") = "BinaryCook.Application.Core", "src\BinaryCook.Application.Core\BinaryCook.Application.Core.csproj", "{6F3A1333-017A-458A-B3FE-83766CE68A3E}"
EndProject
Project("{FAE04EC0-301F-11D3-BF4B-00C04F79EFBC}") = "BinaryCook.Core.Domain", "src\BinaryCook.Core.Domain\BinaryCook.Core.Domain.csproj", "{8D7780A1-5B4B-41DE-8BB4-A68FB40575BD}"
EndProject
Project("{FAE04EC0-301F-11D3-BF4B-00C04F79EFBC}") = "BinaryCook.Infrastructure.IoC", "src\BinaryCook.Infrastructure.IoC\BinaryCook.Infrastructure.IoC.csproj", "{8ADDDF52-DE76-4D73-AACC-D067DAF02B15}"
EndProject
Project("{FAE04EC0-301F-11D3-BF4B-00C04F79EFBC}") = "BinaryCook.Infrastructure.Caching", "src\BinaryCook.Infrastructure.Caching\BinaryCook.Infrastructure.Caching.csproj", "{3568A216-D55C-4B1E-AF12-F81C77F30B49}"
EndProject
Project("{FAE04EC0-301F-11D3-BF4B-00C04F79EFBC}") = "BinaryCook.Infrastructure.Core", "src\BinaryCook.Infrastructure.Core\BinaryCook.Infrastructure.Core.csproj", "{CEFBCAF2-6255-4A64-B40A-1BE35F126030}"
EndProject
Project("{2150E333-8FDC-42A3-9474-1A3956D46DE8}") = "Core", "Core", "{E9E916FB-0A08-4109-9DDC-3A3F72E83B3A}"
EndProject
Project("{FAE04EC0-301F-11D3-BF4B-00C04F79EFBC}") = "BinaryCook.Core.Tests", "BinaryCook.Core.Tests\BinaryCook.Core.Tests.csproj", "{CD806CE7-12F0-4216-8393-E1A5B15F2818}"
EndProject
Project("{2150E333-8FDC-42A3-9474-1A3956D46DE8}") = "Infrastructure", "Infrastructure", "{832931F6-444B-4AC3-AFF7-6633550D265D}"
EndProject
Project("{2150E333-8FDC-42A3-9474-1A3956D46DE8}") = "Application", "Application", "{A2517A99-93FD-4C4A-904F-4E6DB52D8102}"
EndProject
Project("{2150E333-8FDC-42A3-9474-1A3956D46DE8}") = "Presentation", "Presentation", "{E81A1903-6473-4B3C-8DFA-1FF3F5E6A828}"
EndProject
Project("{FAE04EC0-301F-11D3-BF4B-00C04F79EFBC}") = "BinaryCook.Application.Tests", "BinaryCook.Application.Tests\BinaryCook.Application.Tests.csproj", "{9834ACB3-3B7B-467E-B4AD-FB26ACE52148}"
EndProject
Project("{FAE04EC0-301F-11D3-BF4B-00C04F79EFBC}") = "BinaryCook.Application.Core.Tests", "BinaryCook.Application.Core.Tests\BinaryCook.Application.Core.Tests.csproj", "{90DB5547-679C-45A6-917D-7B165F6A7AEF}"
EndProject
Project("{FAE04EC0-301F-11D3-BF4B-00C04F79EFBC}") = "BinaryCook.Infrastructure.Core.Tests", "BinaryCook.Infrastructure.Core.Tests\BinaryCook.Infrastructure.Core.Tests.csproj", "{E01014A2-0D5E-4B05-81BE-01CCA53232AB}"
EndProject
Project("{FAE04EC0-301F-11D3-BF4B-00C04F79EFBC}") = "BinaryCook.Infrastructure.Caching.Tests", "BinaryCook.Infrastructure.Caching.Tests\BinaryCook.Infrastructure.Caching.Tests.csproj", "{0774D40F-7147-4B1D-BF01-5AF6C59F35CD}"
EndProject
Project("{FAE04EC0-301F-11D3-BF4B-00C04F79EFBC}") = "BinaryCook.Infrastructure.AutoMapper.Tests", "BinaryCook.Infrastructure.AutoMapper.Tests\BinaryCook.Infrastructure.AutoMapper.Tests.csproj", "{D8C620E2-86B5-4714-BC39-5EABF3D56D7D}"
EndProject
Project("{FAE04EC0-301F-11D3-BF4B-00C04F79EFBC}") = "BinaryCook.API", "BinaryCook.API\BinaryCook.API.csproj", "{7E61390D-7B94-4613-81A2-927FD822373F}"
EndProject
Project("{FAE04EC0-301F-11D3-BF4B-00C04F79EFBC}") = "BinaryCook.Application.DI", "BinaryCook.Application.DI\BinaryCook.Application.DI.csproj", "{CFF30FF3-B951-4848-A649-EB1B7C063992}"
EndProject
Project("{FAE04EC0-301F-11D3-BF4B-00C04F79EFBC}") = "BinaryCook.Infrastructure.AutoMapper", "BinaryCook.Infrastructure.AutoMapper\BinaryCook.Infrastructure.AutoMapper.csproj", "{5ACA8A37-8760-433E-8FD7-DD26971AA37C}"
EndProject
Project("{FAE04EC0-301F-11D3-BF4B-00C04F79EFBC}") = "BinaryCook.Core.Testing.Core", "BinaryCook.Core.Testing.Core\BinaryCook.Core.Testing.Core.csproj", "{385BA717-6D8E-4C8C-B072-20A3BF0998A7}"
EndProject
Project("{FAE04EC0-301F-11D3-BF4B-00C04F79EFBC}") = "BinaryCook.Core.Domain.Tests", "BinaryCook.Core.Domain.Tests\BinaryCook.Core.Domain.Tests.csproj", "{53AD4EA5-A91B-4287-AE94-3FE98D4014BD}"
EndProject
Global
	GlobalSection(SolutionConfigurationPlatforms) = preSolution
		Debug|Any CPU = Debug|Any CPU
		Release|Any CPU = Release|Any CPU
	EndGlobalSection
	GlobalSection(ProjectConfigurationPlatforms) = postSolution
		{078BA6F7-7F69-410E-8B5D-7759C0533C93}.Debug|Any CPU.ActiveCfg = Debug|Any CPU
		{078BA6F7-7F69-410E-8B5D-7759C0533C93}.Debug|Any CPU.Build.0 = Debug|Any CPU
		{078BA6F7-7F69-410E-8B5D-7759C0533C93}.Release|Any CPU.ActiveCfg = Release|Any CPU
		{078BA6F7-7F69-410E-8B5D-7759C0533C93}.Release|Any CPU.Build.0 = Release|Any CPU
		{614FD0DF-200A-4BBE-9CFD-039E7A919C53}.Debug|Any CPU.ActiveCfg = Debug|Any CPU
		{614FD0DF-200A-4BBE-9CFD-039E7A919C53}.Debug|Any CPU.Build.0 = Debug|Any CPU
		{614FD0DF-200A-4BBE-9CFD-039E7A919C53}.Release|Any CPU.ActiveCfg = Release|Any CPU
		{614FD0DF-200A-4BBE-9CFD-039E7A919C53}.Release|Any CPU.Build.0 = Release|Any CPU
		{260DD0BC-15CE-4E8C-A983-1780FC73BF1F}.Debug|Any CPU.ActiveCfg = Debug|Any CPU
		{260DD0BC-15CE-4E8C-A983-1780FC73BF1F}.Debug|Any CPU.Build.0 = Debug|Any CPU
		{260DD0BC-15CE-4E8C-A983-1780FC73BF1F}.Release|Any CPU.ActiveCfg = Release|Any CPU
		{260DD0BC-15CE-4E8C-A983-1780FC73BF1F}.Release|Any CPU.Build.0 = Release|Any CPU
		{6F3A1333-017A-458A-B3FE-83766CE68A3E}.Debug|Any CPU.ActiveCfg = Debug|Any CPU
		{6F3A1333-017A-458A-B3FE-83766CE68A3E}.Debug|Any CPU.Build.0 = Debug|Any CPU
		{6F3A1333-017A-458A-B3FE-83766CE68A3E}.Release|Any CPU.ActiveCfg = Release|Any CPU
		{6F3A1333-017A-458A-B3FE-83766CE68A3E}.Release|Any CPU.Build.0 = Release|Any CPU
		{8D7780A1-5B4B-41DE-8BB4-A68FB40575BD}.Debug|Any CPU.ActiveCfg = Debug|Any CPU
		{8D7780A1-5B4B-41DE-8BB4-A68FB40575BD}.Debug|Any CPU.Build.0 = Debug|Any CPU
		{8D7780A1-5B4B-41DE-8BB4-A68FB40575BD}.Release|Any CPU.ActiveCfg = Release|Any CPU
		{8D7780A1-5B4B-41DE-8BB4-A68FB40575BD}.Release|Any CPU.Build.0 = Release|Any CPU
		{8ADDDF52-DE76-4D73-AACC-D067DAF02B15}.Debug|Any CPU.ActiveCfg = Debug|Any CPU
		{8ADDDF52-DE76-4D73-AACC-D067DAF02B15}.Debug|Any CPU.Build.0 = Debug|Any CPU
		{8ADDDF52-DE76-4D73-AACC-D067DAF02B15}.Release|Any CPU.ActiveCfg = Release|Any CPU
		{8ADDDF52-DE76-4D73-AACC-D067DAF02B15}.Release|Any CPU.Build.0 = Release|Any CPU
		{3568A216-D55C-4B1E-AF12-F81C77F30B49}.Debug|Any CPU.ActiveCfg = Debug|Any CPU
		{3568A216-D55C-4B1E-AF12-F81C77F30B49}.Debug|Any CPU.Build.0 = Debug|Any CPU
		{3568A216-D55C-4B1E-AF12-F81C77F30B49}.Release|Any CPU.ActiveCfg = Release|Any CPU
		{3568A216-D55C-4B1E-AF12-F81C77F30B49}.Release|Any CPU.Build.0 = Release|Any CPU
		{CEFBCAF2-6255-4A64-B40A-1BE35F126030}.Debug|Any CPU.ActiveCfg = Debug|Any CPU
		{CEFBCAF2-6255-4A64-B40A-1BE35F126030}.Debug|Any CPU.Build.0 = Debug|Any CPU
		{CEFBCAF2-6255-4A64-B40A-1BE35F126030}.Release|Any CPU.ActiveCfg = Release|Any CPU
		{CEFBCAF2-6255-4A64-B40A-1BE35F126030}.Release|Any CPU.Build.0 = Release|Any CPU
		{CD806CE7-12F0-4216-8393-E1A5B15F2818}.Debug|Any CPU.ActiveCfg = Debug|Any CPU
		{CD806CE7-12F0-4216-8393-E1A5B15F2818}.Debug|Any CPU.Build.0 = Debug|Any CPU
		{CD806CE7-12F0-4216-8393-E1A5B15F2818}.Release|Any CPU.ActiveCfg = Release|Any CPU
		{CD806CE7-12F0-4216-8393-E1A5B15F2818}.Release|Any CPU.Build.0 = Release|Any CPU
		{9834ACB3-3B7B-467E-B4AD-FB26ACE52148}.Debug|Any CPU.ActiveCfg = Debug|Any CPU
		{9834ACB3-3B7B-467E-B4AD-FB26ACE52148}.Debug|Any CPU.Build.0 = Debug|Any CPU
		{9834ACB3-3B7B-467E-B4AD-FB26ACE52148}.Release|Any CPU.ActiveCfg = Release|Any CPU
		{9834ACB3-3B7B-467E-B4AD-FB26ACE52148}.Release|Any CPU.Build.0 = Release|Any CPU
		{90DB5547-679C-45A6-917D-7B165F6A7AEF}.Debug|Any CPU.ActiveCfg = Debug|Any CPU
		{90DB5547-679C-45A6-917D-7B165F6A7AEF}.Debug|Any CPU.Build.0 = Debug|Any CPU
		{90DB5547-679C-45A6-917D-7B165F6A7AEF}.Release|Any CPU.ActiveCfg = Release|Any CPU
		{90DB5547-679C-45A6-917D-7B165F6A7AEF}.Release|Any CPU.Build.0 = Release|Any CPU
		{E01014A2-0D5E-4B05-81BE-01CCA53232AB}.Debug|Any CPU.ActiveCfg = Debug|Any CPU
		{E01014A2-0D5E-4B05-81BE-01CCA53232AB}.Debug|Any CPU.Build.0 = Debug|Any CPU
		{E01014A2-0D5E-4B05-81BE-01CCA53232AB}.Release|Any CPU.ActiveCfg = Release|Any CPU
		{E01014A2-0D5E-4B05-81BE-01CCA53232AB}.Release|Any CPU.Build.0 = Release|Any CPU
		{0774D40F-7147-4B1D-BF01-5AF6C59F35CD}.Debug|Any CPU.ActiveCfg = Debug|Any CPU
		{0774D40F-7147-4B1D-BF01-5AF6C59F35CD}.Debug|Any CPU.Build.0 = Debug|Any CPU
		{0774D40F-7147-4B1D-BF01-5AF6C59F35CD}.Release|Any CPU.ActiveCfg = Release|Any CPU
		{0774D40F-7147-4B1D-BF01-5AF6C59F35CD}.Release|Any CPU.Build.0 = Release|Any CPU
		{D8C620E2-86B5-4714-BC39-5EABF3D56D7D}.Debug|Any CPU.ActiveCfg = Debug|Any CPU
		{D8C620E2-86B5-4714-BC39-5EABF3D56D7D}.Debug|Any CPU.Build.0 = Debug|Any CPU
		{D8C620E2-86B5-4714-BC39-5EABF3D56D7D}.Release|Any CPU.ActiveCfg = Release|Any CPU
		{D8C620E2-86B5-4714-BC39-5EABF3D56D7D}.Release|Any CPU.Build.0 = Release|Any CPU
		{7E61390D-7B94-4613-81A2-927FD822373F}.Debug|Any CPU.ActiveCfg = Debug|Any CPU
		{7E61390D-7B94-4613-81A2-927FD822373F}.Debug|Any CPU.Build.0 = Debug|Any CPU
		{7E61390D-7B94-4613-81A2-927FD822373F}.Release|Any CPU.ActiveCfg = Release|Any CPU
		{7E61390D-7B94-4613-81A2-927FD822373F}.Release|Any CPU.Build.0 = Release|Any CPU
		{CFF30FF3-B951-4848-A649-EB1B7C063992}.Debug|Any CPU.ActiveCfg = Debug|Any CPU
		{CFF30FF3-B951-4848-A649-EB1B7C063992}.Debug|Any CPU.Build.0 = Debug|Any CPU
		{CFF30FF3-B951-4848-A649-EB1B7C063992}.Release|Any CPU.ActiveCfg = Release|Any CPU
		{CFF30FF3-B951-4848-A649-EB1B7C063992}.Release|Any CPU.Build.0 = Release|Any CPU
		{5ACA8A37-8760-433E-8FD7-DD26971AA37C}.Debug|Any CPU.ActiveCfg = Debug|Any CPU
		{5ACA8A37-8760-433E-8FD7-DD26971AA37C}.Debug|Any CPU.Build.0 = Debug|Any CPU
		{5ACA8A37-8760-433E-8FD7-DD26971AA37C}.Release|Any CPU.ActiveCfg = Release|Any CPU
		{5ACA8A37-8760-433E-8FD7-DD26971AA37C}.Release|Any CPU.Build.0 = Release|Any CPU
		{385BA717-6D8E-4C8C-B072-20A3BF0998A7}.Debug|Any CPU.ActiveCfg = Debug|Any CPU
		{385BA717-6D8E-4C8C-B072-20A3BF0998A7}.Debug|Any CPU.Build.0 = Debug|Any CPU
		{385BA717-6D8E-4C8C-B072-20A3BF0998A7}.Release|Any CPU.ActiveCfg = Release|Any CPU
		{385BA717-6D8E-4C8C-B072-20A3BF0998A7}.Release|Any CPU.Build.0 = Release|Any CPU
		{53AD4EA5-A91B-4287-AE94-3FE98D4014BD}.Debug|Any CPU.ActiveCfg = Debug|Any CPU
		{53AD4EA5-A91B-4287-AE94-3FE98D4014BD}.Debug|Any CPU.Build.0 = Debug|Any CPU
		{53AD4EA5-A91B-4287-AE94-3FE98D4014BD}.Release|Any CPU.ActiveCfg = Release|Any CPU
		{53AD4EA5-A91B-4287-AE94-3FE98D4014BD}.Release|Any CPU.Build.0 = Release|Any CPU
	EndGlobalSection
	GlobalSection(NestedProjects) = preSolution
		{078BA6F7-7F69-410E-8B5D-7759C0533C93} = {24403235-9F2F-4CA1-96C3-045F6551FA32}
		{614FD0DF-200A-4BBE-9CFD-039E7A919C53} = {3D8231CB-FDC2-4AF1-9661-452FB08C91C3}
		{260DD0BC-15CE-4E8C-A983-1780FC73BF1F} = {24403235-9F2F-4CA1-96C3-045F6551FA32}
		{6F3A1333-017A-458A-B3FE-83766CE68A3E} = {24403235-9F2F-4CA1-96C3-045F6551FA32}
		{8D7780A1-5B4B-41DE-8BB4-A68FB40575BD} = {3D8231CB-FDC2-4AF1-9661-452FB08C91C3}
		{8ADDDF52-DE76-4D73-AACC-D067DAF02B15} = {E7CCEF70-6E73-4D89-A8C0-5C912AAC69F8}
		{3568A216-D55C-4B1E-AF12-F81C77F30B49} = {E7CCEF70-6E73-4D89-A8C0-5C912AAC69F8}
		{CEFBCAF2-6255-4A64-B40A-1BE35F126030} = {E7CCEF70-6E73-4D89-A8C0-5C912AAC69F8}
		{E9E916FB-0A08-4109-9DDC-3A3F72E83B3A} = {2CB9F750-151A-48F3-BF12-0630BAB04427}
		{CD806CE7-12F0-4216-8393-E1A5B15F2818} = {E9E916FB-0A08-4109-9DDC-3A3F72E83B3A}
		{832931F6-444B-4AC3-AFF7-6633550D265D} = {2CB9F750-151A-48F3-BF12-0630BAB04427}
		{A2517A99-93FD-4C4A-904F-4E6DB52D8102} = {2CB9F750-151A-48F3-BF12-0630BAB04427}
		{E81A1903-6473-4B3C-8DFA-1FF3F5E6A828} = {2CB9F750-151A-48F3-BF12-0630BAB04427}
		{9834ACB3-3B7B-467E-B4AD-FB26ACE52148} = {A2517A99-93FD-4C4A-904F-4E6DB52D8102}
		{90DB5547-679C-45A6-917D-7B165F6A7AEF} = {A2517A99-93FD-4C4A-904F-4E6DB52D8102}
		{E01014A2-0D5E-4B05-81BE-01CCA53232AB} = {832931F6-444B-4AC3-AFF7-6633550D265D}
		{0774D40F-7147-4B1D-BF01-5AF6C59F35CD} = {832931F6-444B-4AC3-AFF7-6633550D265D}
		{D8C620E2-86B5-4714-BC39-5EABF3D56D7D} = {832931F6-444B-4AC3-AFF7-6633550D265D}
		{7E61390D-7B94-4613-81A2-927FD822373F} = {70FE0008-286C-4571-BED6-9C8F5A6DBFCE}
		{CFF30FF3-B951-4848-A649-EB1B7C063992} = {24403235-9F2F-4CA1-96C3-045F6551FA32}
		{5ACA8A37-8760-433E-8FD7-DD26971AA37C} = {E7CCEF70-6E73-4D89-A8C0-5C912AAC69F8}
		{385BA717-6D8E-4C8C-B072-20A3BF0998A7} = {2CB9F750-151A-48F3-BF12-0630BAB04427}
		{53AD4EA5-A91B-4287-AE94-3FE98D4014BD} = {E9E916FB-0A08-4109-9DDC-3A3F72E83B3A}
	EndGlobalSection
EndGlobal
